<?xml version="1.0" encoding="UTF-8"?>
<!DOCTYPE plist PUBLIC "-//Apple//DTD PLIST 1.0//EN" "http://www.apple.com/DTDs/PropertyList-1.0.dtd">
<plist version="1.0">
<dict>
	<key>archiveVersion</key>
	<string>1</string>
	<key>classes</key>
	<dict/>
	<key>objectVersion</key>
	<string>46</string>
	<key>objects</key>
	<dict>
		<key>075A1155144476E942168182</key>
		<dict>
			<key>explicitFileType</key>
			<string>archive.ar</string>
			<key>includeInIndex</key>
			<string>0</string>
			<key>isa</key>
			<string>PBXFileReference</string>
			<key>path</key>
			<string>libPods-SimplicITy.a</string>
			<key>sourceTree</key>
			<string>BUILT_PRODUCTS_DIR</string>
		</dict>
		<key>5A490DE086C7744975378BA3</key>
		<dict>
			<key>children</key>
			<array>
				<string>C1F65D2E771F4954B1874794</string>
				<string>BD0CCE1B46B31FC994F6F1D5</string>
			</array>
			<key>isa</key>
			<string>PBXGroup</string>
			<key>name</key>
			<string>Pods</string>
			<key>sourceTree</key>
			<string>&lt;group&gt;</string>
		</dict>
		<key>8607051B1A2F147700B9A814</key>
		<dict>
			<key>fileEncoding</key>
			<string>4</string>
			<key>isa</key>
			<string>PBXFileReference</string>
			<key>lastKnownFileType</key>
			<string>sourcecode.c.h</string>
			<key>path</key>
			<string>CustomTabBar.h</string>
			<key>sourceTree</key>
			<string>&lt;group&gt;</string>
		</dict>
		<key>8607051C1A2F147700B9A814</key>
		<dict>
			<key>fileEncoding</key>
			<string>4</string>
			<key>isa</key>
			<string>PBXFileReference</string>
			<key>lastKnownFileType</key>
			<string>sourcecode.c.objc</string>
			<key>path</key>
			<string>CustomTabBar.m</string>
			<key>sourceTree</key>
			<string>&lt;group&gt;</string>
		</dict>
		<key>8607051D1A2F147700B9A814</key>
		<dict>
			<key>fileRef</key>
			<string>8607051C1A2F147700B9A814</string>
			<key>isa</key>
			<string>PBXBuildFile</string>
		</dict>
		<key>86186D861A399C5400BFD000</key>
		<dict>
			<key>children</key>
			<array>
				<string>867584101A3815EE0049EC10</string>
				<string>867584111A3815EE0049EC10</string>
				<string>86186D871A399C8700BFD000</string>
				<string>86186D881A399C8700BFD000</string>
				<string>86186D8A1A399C9700BFD000</string>
				<string>86186D8B1A399C9700BFD000</string>
				<string>863A16EC1A4185F000146B72</string>
				<string>863A16ED1A4185F000146B72</string>
			</array>
			<key>isa</key>
			<string>PBXGroup</string>
			<key>name</key>
			<string>Setting</string>
			<key>sourceTree</key>
			<string>&lt;group&gt;</string>
		</dict>
		<key>86186D871A399C8700BFD000</key>
		<dict>
			<key>fileEncoding</key>
			<string>4</string>
			<key>isa</key>
			<string>PBXFileReference</string>
			<key>lastKnownFileType</key>
			<string>sourcecode.c.h</string>
			<key>path</key>
			<string>LanguageViewController.h</string>
			<key>sourceTree</key>
			<string>&lt;group&gt;</string>
		</dict>
		<key>86186D881A399C8700BFD000</key>
		<dict>
			<key>fileEncoding</key>
			<string>4</string>
			<key>isa</key>
			<string>PBXFileReference</string>
			<key>lastKnownFileType</key>
			<string>sourcecode.c.objc</string>
			<key>path</key>
			<string>LanguageViewController.m</string>
			<key>sourceTree</key>
			<string>&lt;group&gt;</string>
		</dict>
		<key>86186D891A399C8700BFD000</key>
		<dict>
			<key>fileRef</key>
			<string>86186D881A399C8700BFD000</string>
			<key>isa</key>
			<string>PBXBuildFile</string>
		</dict>
		<key>86186D8A1A399C9700BFD000</key>
		<dict>
			<key>fileEncoding</key>
			<string>4</string>
			<key>isa</key>
			<string>PBXFileReference</string>
			<key>lastKnownFileType</key>
			<string>sourcecode.c.h</string>
			<key>path</key>
			<string>LocationViewController.h</string>
			<key>sourceTree</key>
			<string>&lt;group&gt;</string>
		</dict>
		<key>86186D8B1A399C9700BFD000</key>
		<dict>
			<key>fileEncoding</key>
			<string>4</string>
			<key>isa</key>
			<string>PBXFileReference</string>
			<key>lastKnownFileType</key>
			<string>sourcecode.c.objc</string>
			<key>path</key>
			<string>LocationViewController.m</string>
			<key>sourceTree</key>
			<string>&lt;group&gt;</string>
		</dict>
		<key>86186D8C1A399C9700BFD000</key>
		<dict>
			<key>fileRef</key>
			<string>86186D8B1A399C9700BFD000</string>
			<key>isa</key>
			<string>PBXBuildFile</string>
		</dict>
		<key>861BBC301A30865A00714EB2</key>
		<dict>
			<key>fileEncoding</key>
			<string>4</string>
			<key>isa</key>
			<string>PBXFileReference</string>
			<key>lastKnownFileType</key>
			<string>sourcecode.c.h</string>
			<key>path</key>
			<string>OrderViewController.h</string>
			<key>sourceTree</key>
			<string>&lt;group&gt;</string>
		</dict>
		<key>861BBC311A30865A00714EB2</key>
		<dict>
			<key>fileEncoding</key>
			<string>4</string>
			<key>isa</key>
			<string>PBXFileReference</string>
			<key>lastKnownFileType</key>
			<string>sourcecode.c.objc</string>
			<key>path</key>
			<string>OrderViewController.m</string>
			<key>sourceTree</key>
			<string>&lt;group&gt;</string>
		</dict>
		<key>861BBC321A30865A00714EB2</key>
		<dict>
			<key>fileRef</key>
			<string>861BBC311A30865A00714EB2</string>
			<key>isa</key>
			<string>PBXBuildFile</string>
		</dict>
		<key>86287D0B1A2EE1A500B12893</key>
		<dict>
			<key>children</key>
			<array>
				<string>86287D1D1A2EE1A500B12893</string>
				<string>86287D3F1A2EE1A500B12893</string>
				<string>86287D161A2EE1A500B12893</string>
				<string>86287D151A2EE1A500B12893</string>
				<string>5A490DE086C7744975378BA3</string>
			</array>
			<key>isa</key>
			<string>PBXGroup</string>
			<key>sourceTree</key>
			<string>&lt;group&gt;</string>
		</dict>
		<key>86287D0C1A2EE1A500B12893</key>
		<dict>
			<key>attributes</key>
			<dict>
				<key>LastUpgradeCheck</key>
				<string>0510</string>
				<key>ORGANIZATIONNAME</key>
				<string>Vmoksha</string>
				<key>TargetAttributes</key>
				<dict>
					<key>86287D131A2EE1A500B12893</key>
					<dict>
						<key>DevelopmentTeam</key>
						<string>QGMN7468R5</string>
					</dict>
					<key>86287D371A2EE1A500B12893</key>
					<dict>
						<key>TestTargetID</key>
						<string>86287D131A2EE1A500B12893</string>
					</dict>
				</dict>
			</dict>
			<key>buildConfigurationList</key>
			<string>86287D0F1A2EE1A500B12893</string>
			<key>compatibilityVersion</key>
			<string>Xcode 3.2</string>
			<key>developmentRegion</key>
			<string>English</string>
			<key>hasScannedForEncodings</key>
			<string>0</string>
			<key>isa</key>
			<string>PBXProject</string>
			<key>knownRegions</key>
			<array>
				<string>en</string>
				<string>Base</string>
			</array>
			<key>mainGroup</key>
			<string>86287D0B1A2EE1A500B12893</string>
			<key>productRefGroup</key>
			<string>86287D151A2EE1A500B12893</string>
			<key>projectDirPath</key>
			<string></string>
			<key>projectReferences</key>
			<array/>
			<key>projectRoot</key>
			<string></string>
			<key>targets</key>
			<array>
				<string>86287D131A2EE1A500B12893</string>
				<string>86287D371A2EE1A500B12893</string>
			</array>
		</dict>
		<key>86287D0F1A2EE1A500B12893</key>
		<dict>
			<key>buildConfigurations</key>
			<array>
				<string>86287D471A2EE1A500B12893</string>
				<string>86287D481A2EE1A500B12893</string>
			</array>
			<key>defaultConfigurationIsVisible</key>
			<string>0</string>
			<key>defaultConfigurationName</key>
			<string>Release</string>
			<key>isa</key>
			<string>XCConfigurationList</string>
		</dict>
		<key>86287D101A2EE1A500B12893</key>
		<dict>
			<key>buildActionMask</key>
			<string>2147483647</string>
			<key>files</key>
			<array>
				<string>86DC32001A39C9C4002AF7A5</string>
				<string>86DCEB921A4E8C0F0014FEC7</string>
				<string>86287D311A2EE1A500B12893</string>
				<string>86287D281A2EE1A500B12893</string>
				<string>867584121A3815EE0049EC10</string>
				<string>864E5F7C1A4439F200C2542A</string>
				<string>86679F001A2EF2CC00612BBA</string>
				<string>86679F031A2EFD4400612BBA</string>
				<string>861BBC321A30865A00714EB2</string>
				<string>867101B01A386FD900AE2ED6</string>
				<string>86EDBE1C1A395C940045904C</string>
				<string>86491A761A30817100711740</string>
				<string>86CB65351A386F58005FFFE8</string>
				<string>867B19BB1A40126700462CA4</string>
				<string>867101AD1A386DB600AE2ED6</string>
				<string>86491A791A30836C00711740</string>
				<string>863A16EE1A4185F000146B72</string>
				<string>86491A731A30773800711740</string>
				<string>86287D241A2EE1A500B12893</string>
				<string>8632070E1A455794006FBD52</string>
				<string>86E545881A42A4370027A817</string>
				<string>86DC31FF1A39C9C4002AF7A5</string>
				<string>86EDBE1F1A3992270045904C</string>
				<string>8607051D1A2F147700B9A814</string>
				<string>86DEEB341A2EF27F00EA4C84</string>
				<string>86309CAC1A3EB9B900D19804</string>
				<string>86D6043F1A3B11D600E9E9D7</string>
				<string>86186D891A399C8700BFD000</string>
				<string>86D6043C1A3ABBB900E9E9D7</string>
				<string>86B5E8691A30589C0062091D</string>
				<string>86186D8C1A399C9700BFD000</string>
			</array>
			<key>isa</key>
			<string>PBXSourcesBuildPhase</string>
			<key>runOnlyForDeploymentPostprocessing</key>
			<string>0</string>
		</dict>
		<key>86287D111A2EE1A500B12893</key>
		<dict>
			<key>buildActionMask</key>
			<string>2147483647</string>
			<key>files</key>
			<array>
				<string>864E5F6D1A43E3C500C2542A</string>
				<string>864E5F6B1A43E3BB00C2542A</string>
				<string>86DEEB311A2EEE5000EA4C84</string>
				<string>86287D1A1A2EE1A500B12893</string>
				<string>86287D1C1A2EE1A500B12893</string>
				<string>86287D181A2EE1A500B12893</string>
				<string>DACBC5BAE456ADF14DCA0DD4</string>
			</array>
			<key>isa</key>
			<string>PBXFrameworksBuildPhase</string>
			<key>runOnlyForDeploymentPostprocessing</key>
			<string>0</string>
		</dict>
		<key>86287D121A2EE1A500B12893</key>
		<dict>
			<key>buildActionMask</key>
			<string>2147483647</string>
			<key>files</key>
			<array>
				<string>86B5A96E1A4D4713009018AD</string>
				<string>86B5A96F1A4D4713009018AD</string>
				<string>86B5A9701A4D4713009018AD</string>
				<string>8678EE3C1A48596E00F85FF0</string>
				<string>864E5F721A43E77700C2542A</string>
				<string>864E5F731A43E77700C2542A</string>
				<string>864E5F741A43E77700C2542A</string>
				<string>864E5F791A442DC400C2542A</string>
				<string>869F37CF1A4AE49F004F27CC</string>
				<string>86E5458A1A42A45E0027A817</string>
				<string>86287D331A2EE1A500B12893</string>
				<string>86287D221A2EE1A500B12893</string>
			</array>
			<key>isa</key>
			<string>PBXResourcesBuildPhase</string>
			<key>runOnlyForDeploymentPostprocessing</key>
			<string>0</string>
		</dict>
		<key>86287D131A2EE1A500B12893</key>
		<dict>
			<key>buildConfigurationList</key>
			<string>86287D491A2EE1A500B12893</string>
			<key>buildPhases</key>
			<array>
				<string>C84DAA47409A329112234ABA</string>
				<string>86287D101A2EE1A500B12893</string>
				<string>86287D111A2EE1A500B12893</string>
				<string>86287D121A2EE1A500B12893</string>
				<string>B78249839FEE88515F93DF33</string>
			</array>
			<key>buildRules</key>
			<array/>
			<key>dependencies</key>
			<array/>
			<key>isa</key>
			<string>PBXNativeTarget</string>
			<key>name</key>
			<string>SimplicITy</string>
			<key>productName</key>
			<string>SimplicITy</string>
			<key>productReference</key>
			<string>86287D141A2EE1A500B12893</string>
			<key>productType</key>
			<string>com.apple.product-type.application</string>
		</dict>
		<key>86287D141A2EE1A500B12893</key>
		<dict>
			<key>explicitFileType</key>
			<string>wrapper.application</string>
			<key>includeInIndex</key>
			<string>0</string>
			<key>isa</key>
			<string>PBXFileReference</string>
			<key>path</key>
			<string>SimplicITy.app</string>
			<key>sourceTree</key>
			<string>BUILT_PRODUCTS_DIR</string>
		</dict>
		<key>86287D151A2EE1A500B12893</key>
		<dict>
			<key>children</key>
			<array>
				<string>86287D141A2EE1A500B12893</string>
				<string>86287D381A2EE1A500B12893</string>
			</array>
			<key>isa</key>
			<string>PBXGroup</string>
			<key>name</key>
			<string>Products</string>
			<key>sourceTree</key>
			<string>&lt;group&gt;</string>
		</dict>
		<key>86287D161A2EE1A500B12893</key>
		<dict>
			<key>children</key>
			<array>
				<string>864E5F6C1A43E3C500C2542A</string>
				<string>864E5F6A1A43E3BB00C2542A</string>
				<string>86DEEB301A2EEE5000EA4C84</string>
				<string>86287D171A2EE1A500B12893</string>
				<string>86287D191A2EE1A500B12893</string>
				<string>86287D1B1A2EE1A500B12893</string>
				<string>86287D391A2EE1A500B12893</string>
				<string>075A1155144476E942168182</string>
			</array>
			<key>isa</key>
			<string>PBXGroup</string>
			<key>name</key>
			<string>Frameworks</string>
			<key>sourceTree</key>
			<string>&lt;group&gt;</string>
		</dict>
		<key>86287D171A2EE1A500B12893</key>
		<dict>
			<key>isa</key>
			<string>PBXFileReference</string>
			<key>lastKnownFileType</key>
			<string>wrapper.framework</string>
			<key>name</key>
			<string>Foundation.framework</string>
			<key>path</key>
			<string>System/Library/Frameworks/Foundation.framework</string>
			<key>sourceTree</key>
			<string>SDKROOT</string>
		</dict>
		<key>86287D181A2EE1A500B12893</key>
		<dict>
			<key>fileRef</key>
			<string>86287D171A2EE1A500B12893</string>
			<key>isa</key>
			<string>PBXBuildFile</string>
		</dict>
		<key>86287D191A2EE1A500B12893</key>
		<dict>
			<key>isa</key>
			<string>PBXFileReference</string>
			<key>lastKnownFileType</key>
			<string>wrapper.framework</string>
			<key>name</key>
			<string>CoreGraphics.framework</string>
			<key>path</key>
			<string>System/Library/Frameworks/CoreGraphics.framework</string>
			<key>sourceTree</key>
			<string>SDKROOT</string>
		</dict>
		<key>86287D1A1A2EE1A500B12893</key>
		<dict>
			<key>fileRef</key>
			<string>86287D191A2EE1A500B12893</string>
			<key>isa</key>
			<string>PBXBuildFile</string>
		</dict>
		<key>86287D1B1A2EE1A500B12893</key>
		<dict>
			<key>isa</key>
			<string>PBXFileReference</string>
			<key>lastKnownFileType</key>
			<string>wrapper.framework</string>
			<key>name</key>
			<string>UIKit.framework</string>
			<key>path</key>
			<string>System/Library/Frameworks/UIKit.framework</string>
			<key>sourceTree</key>
			<string>SDKROOT</string>
		</dict>
		<key>86287D1C1A2EE1A500B12893</key>
		<dict>
			<key>fileRef</key>
			<string>86287D1B1A2EE1A500B12893</string>
			<key>isa</key>
			<string>PBXBuildFile</string>
		</dict>
		<key>86287D1D1A2EE1A500B12893</key>
		<dict>
			<key>children</key>
			<array>
				<string>99D9E9141A454CE50026508F</string>
				<string>86B5A96B1A4D45F9009018AD</string>
				<string>86B5A96C1A4D45F9009018AD</string>
				<string>86B5A96D1A4D45F9009018AD</string>
				<string>86287D261A2EE1A500B12893</string>
				<string>86287D271A2EE1A500B12893</string>
				<string>869F37CE1A4AE49F004F27CC</string>
				<string>86287D2C1A2EE1A500B12893</string>
				<string>86EDBE1D1A3992270045904C</string>
				<string>86EDBE1E1A3992270045904C</string>
				<string>86287D2F1A2EE1A500B12893</string>
				<string>86287D301A2EE1A500B12893</string>
				<string>86DEEB321A2EF27F00EA4C84</string>
				<string>86DEEB331A2EF27F00EA4C84</string>
				<string>86679EFE1A2EF2CC00612BBA</string>
				<string>86679EFF1A2EF2CC00612BBA</string>
				<string>86679F011A2EFD4300612BBA</string>
				<string>86679F021A2EFD4400612BBA</string>
				<string>86B5E8671A30589C0062091D</string>
				<string>86B5E8681A30589C0062091D</string>
				<string>86309CAA1A3EB9B900D19804</string>
				<string>86309CAB1A3EB9B900D19804</string>
				<string>86D6043D1A3B11D600E9E9D7</string>
				<string>86D6043E1A3B11D600E9E9D7</string>
				<string>86D604391A3ABB5C00E9E9D7</string>
				<string>861BBC301A30865A00714EB2</string>
				<string>861BBC311A30865A00714EB2</string>
				<string>86491A711A30773800711740</string>
				<string>86491A721A30773800711740</string>
				<string>867101AE1A386FD900AE2ED6</string>
				<string>867101AF1A386FD900AE2ED6</string>
				<string>867101AB1A386DB600AE2ED6</string>
				<string>867101AC1A386DB600AE2ED6</string>
				<string>86EDBE1A1A395C940045904C</string>
				<string>86EDBE1B1A395C940045904C</string>
				<string>86491A741A30817100711740</string>
				<string>86491A751A30817100711740</string>
				<string>8632070C1A455794006FBD52</string>
				<string>8632070D1A455794006FBD52</string>
				<string>86491A771A30836C00711740</string>
				<string>86491A781A30836C00711740</string>
				<string>864E5F7A1A4439F200C2542A</string>
				<string>864E5F7B1A4439F200C2542A</string>
				<string>86DCEB901A4E8C0F0014FEC7</string>
				<string>86DCEB911A4E8C0F0014FEC7</string>
				<string>86186D861A399C5400BFD000</string>
				<string>8607051B1A2F147700B9A814</string>
				<string>8607051C1A2F147700B9A814</string>
				<string>86CB65331A386F58005FFFE8</string>
				<string>86CB65341A386F58005FFFE8</string>
				<string>864E5F6E1A43E74600C2542A</string>
				<string>86287D321A2EE1A500B12893</string>
				<string>864E5F781A442DC400C2542A</string>
				<string>86287D1E1A2EE1A500B12893</string>
			</array>
			<key>isa</key>
			<string>PBXGroup</string>
			<key>path</key>
			<string>SimplicITy</string>
			<key>sourceTree</key>
			<string>&lt;group&gt;</string>
		</dict>
		<key>86287D1E1A2EE1A500B12893</key>
		<dict>
			<key>children</key>
			<array>
				<string>86287D1F1A2EE1A500B12893</string>
				<string>86287D201A2EE1A500B12893</string>
				<string>86287D231A2EE1A500B12893</string>
				<string>86287D251A2EE1A500B12893</string>
			</array>
			<key>isa</key>
			<string>PBXGroup</string>
			<key>name</key>
			<string>Supporting Files</string>
			<key>sourceTree</key>
			<string>&lt;group&gt;</string>
		</dict>
		<key>86287D1F1A2EE1A500B12893</key>
		<dict>
			<key>isa</key>
			<string>PBXFileReference</string>
			<key>lastKnownFileType</key>
			<string>text.plist.xml</string>
			<key>path</key>
			<string>SimplicITy-Info.plist</string>
			<key>sourceTree</key>
			<string>&lt;group&gt;</string>
		</dict>
		<key>86287D201A2EE1A500B12893</key>
		<dict>
			<key>children</key>
			<array>
				<string>86287D211A2EE1A500B12893</string>
			</array>
			<key>isa</key>
			<string>PBXVariantGroup</string>
			<key>name</key>
			<string>InfoPlist.strings</string>
			<key>sourceTree</key>
			<string>&lt;group&gt;</string>
		</dict>
		<key>86287D211A2EE1A500B12893</key>
		<dict>
			<key>isa</key>
			<string>PBXFileReference</string>
			<key>lastKnownFileType</key>
			<string>text.plist.strings</string>
			<key>name</key>
			<string>en</string>
			<key>path</key>
			<string>en.lproj/InfoPlist.strings</string>
			<key>sourceTree</key>
			<string>&lt;group&gt;</string>
		</dict>
		<key>86287D221A2EE1A500B12893</key>
		<dict>
			<key>fileRef</key>
			<string>86287D201A2EE1A500B12893</string>
			<key>isa</key>
			<string>PBXBuildFile</string>
		</dict>
		<key>86287D231A2EE1A500B12893</key>
		<dict>
			<key>isa</key>
			<string>PBXFileReference</string>
			<key>lastKnownFileType</key>
			<string>sourcecode.c.objc</string>
			<key>path</key>
			<string>main.m</string>
			<key>sourceTree</key>
			<string>&lt;group&gt;</string>
		</dict>
		<key>86287D241A2EE1A500B12893</key>
		<dict>
			<key>fileRef</key>
			<string>86287D231A2EE1A500B12893</string>
			<key>isa</key>
			<string>PBXBuildFile</string>
		</dict>
		<key>86287D251A2EE1A500B12893</key>
		<dict>
			<key>isa</key>
			<string>PBXFileReference</string>
			<key>lastKnownFileType</key>
			<string>sourcecode.c.h</string>
			<key>path</key>
			<string>SimplicITy-Prefix.pch</string>
			<key>sourceTree</key>
			<string>&lt;group&gt;</string>
		</dict>
		<key>86287D261A2EE1A500B12893</key>
		<dict>
			<key>isa</key>
			<string>PBXFileReference</string>
			<key>lastKnownFileType</key>
			<string>sourcecode.c.h</string>
			<key>path</key>
			<string>AppDelegate.h</string>
			<key>sourceTree</key>
			<string>&lt;group&gt;</string>
		</dict>
		<key>86287D271A2EE1A500B12893</key>
		<dict>
			<key>isa</key>
			<string>PBXFileReference</string>
			<key>lastKnownFileType</key>
			<string>sourcecode.c.objc</string>
			<key>path</key>
			<string>AppDelegate.m</string>
			<key>sourceTree</key>
			<string>&lt;group&gt;</string>
		</dict>
		<key>86287D281A2EE1A500B12893</key>
		<dict>
			<key>fileRef</key>
			<string>86287D271A2EE1A500B12893</string>
			<key>isa</key>
			<string>PBXBuildFile</string>
		</dict>
		<key>86287D2C1A2EE1A500B12893</key>
		<dict>
			<key>children</key>
			<array>
				<string>86287D2D1A2EE1A500B12893</string>
			</array>
			<key>isa</key>
			<string>PBXVariantGroup</string>
			<key>name</key>
			<string>Main_iPad.storyboard</string>
			<key>sourceTree</key>
			<string>&lt;group&gt;</string>
		</dict>
		<key>86287D2D1A2EE1A500B12893</key>
		<dict>
			<key>isa</key>
			<string>PBXFileReference</string>
			<key>lastKnownFileType</key>
			<string>file.storyboard</string>
			<key>name</key>
			<string>Base</string>
			<key>path</key>
			<string>Base.lproj/Main_iPad.storyboard</string>
			<key>sourceTree</key>
			<string>&lt;group&gt;</string>
		</dict>
		<key>86287D2F1A2EE1A500B12893</key>
		<dict>
			<key>isa</key>
			<string>PBXFileReference</string>
			<key>lastKnownFileType</key>
			<string>sourcecode.c.h</string>
			<key>path</key>
			<string>ViewController.h</string>
			<key>sourceTree</key>
			<string>&lt;group&gt;</string>
		</dict>
		<key>86287D301A2EE1A500B12893</key>
		<dict>
			<key>isa</key>
			<string>PBXFileReference</string>
			<key>lastKnownFileType</key>
			<string>sourcecode.c.objc</string>
			<key>path</key>
			<string>ViewController.m</string>
			<key>sourceTree</key>
			<string>&lt;group&gt;</string>
		</dict>
		<key>86287D311A2EE1A500B12893</key>
		<dict>
			<key>fileRef</key>
			<string>86287D301A2EE1A500B12893</string>
			<key>isa</key>
			<string>PBXBuildFile</string>
		</dict>
		<key>86287D321A2EE1A500B12893</key>
		<dict>
			<key>isa</key>
			<string>PBXFileReference</string>
			<key>lastKnownFileType</key>
			<string>folder.assetcatalog</string>
			<key>path</key>
			<string>Images.xcassets</string>
			<key>sourceTree</key>
			<string>&lt;group&gt;</string>
		</dict>
		<key>86287D331A2EE1A500B12893</key>
		<dict>
			<key>fileRef</key>
			<string>86287D321A2EE1A500B12893</string>
			<key>isa</key>
			<string>PBXBuildFile</string>
		</dict>
		<key>86287D341A2EE1A500B12893</key>
		<dict>
			<key>buildActionMask</key>
			<string>2147483647</string>
			<key>files</key>
			<array>
				<string>86287D461A2EE1A500B12893</string>
			</array>
			<key>isa</key>
			<string>PBXSourcesBuildPhase</string>
			<key>runOnlyForDeploymentPostprocessing</key>
			<string>0</string>
		</dict>
		<key>86287D351A2EE1A500B12893</key>
		<dict>
			<key>buildActionMask</key>
			<string>2147483647</string>
			<key>files</key>
			<array>
				<string>86287D3A1A2EE1A500B12893</string>
				<string>86287D3C1A2EE1A500B12893</string>
				<string>86287D3B1A2EE1A500B12893</string>
			</array>
			<key>isa</key>
			<string>PBXFrameworksBuildPhase</string>
			<key>runOnlyForDeploymentPostprocessing</key>
			<string>0</string>
		</dict>
		<key>86287D361A2EE1A500B12893</key>
		<dict>
			<key>buildActionMask</key>
			<string>2147483647</string>
			<key>files</key>
			<array>
				<string>86287D441A2EE1A500B12893</string>
			</array>
			<key>isa</key>
			<string>PBXResourcesBuildPhase</string>
			<key>runOnlyForDeploymentPostprocessing</key>
			<string>0</string>
		</dict>
		<key>86287D371A2EE1A500B12893</key>
		<dict>
			<key>buildConfigurationList</key>
			<string>86287D4C1A2EE1A500B12893</string>
			<key>buildPhases</key>
			<array>
				<string>86287D341A2EE1A500B12893</string>
				<string>86287D351A2EE1A500B12893</string>
				<string>86287D361A2EE1A500B12893</string>
			</array>
			<key>buildRules</key>
			<array/>
			<key>dependencies</key>
			<array>
				<string>86287D3E1A2EE1A500B12893</string>
			</array>
			<key>isa</key>
			<string>PBXNativeTarget</string>
			<key>name</key>
			<string>SimplicITyTests</string>
			<key>productName</key>
			<string>SimplicITyTests</string>
			<key>productReference</key>
			<string>86287D381A2EE1A500B12893</string>
			<key>productType</key>
			<string>com.apple.product-type.bundle.unit-test</string>
		</dict>
		<key>86287D381A2EE1A500B12893</key>
		<dict>
			<key>explicitFileType</key>
			<string>wrapper.cfbundle</string>
			<key>includeInIndex</key>
			<string>0</string>
			<key>isa</key>
			<string>PBXFileReference</string>
			<key>path</key>
			<string>SimplicITyTests.xctest</string>
			<key>sourceTree</key>
			<string>BUILT_PRODUCTS_DIR</string>
		</dict>
		<key>86287D391A2EE1A500B12893</key>
		<dict>
			<key>isa</key>
			<string>PBXFileReference</string>
			<key>lastKnownFileType</key>
			<string>wrapper.framework</string>
			<key>name</key>
			<string>XCTest.framework</string>
			<key>path</key>
			<string>Library/Frameworks/XCTest.framework</string>
			<key>sourceTree</key>
			<string>DEVELOPER_DIR</string>
		</dict>
		<key>86287D3A1A2EE1A500B12893</key>
		<dict>
			<key>fileRef</key>
			<string>86287D391A2EE1A500B12893</string>
			<key>isa</key>
			<string>PBXBuildFile</string>
		</dict>
		<key>86287D3B1A2EE1A500B12893</key>
		<dict>
			<key>fileRef</key>
			<string>86287D171A2EE1A500B12893</string>
			<key>isa</key>
			<string>PBXBuildFile</string>
		</dict>
		<key>86287D3C1A2EE1A500B12893</key>
		<dict>
			<key>fileRef</key>
			<string>86287D1B1A2EE1A500B12893</string>
			<key>isa</key>
			<string>PBXBuildFile</string>
		</dict>
		<key>86287D3D1A2EE1A500B12893</key>
		<dict>
			<key>containerPortal</key>
			<string>86287D0C1A2EE1A500B12893</string>
			<key>isa</key>
			<string>PBXContainerItemProxy</string>
			<key>proxyType</key>
			<string>1</string>
			<key>remoteGlobalIDString</key>
			<string>86287D131A2EE1A500B12893</string>
			<key>remoteInfo</key>
			<string>SimplicITy</string>
		</dict>
		<key>86287D3E1A2EE1A500B12893</key>
		<dict>
			<key>isa</key>
			<string>PBXTargetDependency</string>
			<key>target</key>
			<string>86287D131A2EE1A500B12893</string>
			<key>targetProxy</key>
			<string>86287D3D1A2EE1A500B12893</string>
		</dict>
		<key>86287D3F1A2EE1A500B12893</key>
		<dict>
			<key>children</key>
			<array>
				<string>86287D451A2EE1A500B12893</string>
				<string>86287D401A2EE1A500B12893</string>
			</array>
			<key>isa</key>
			<string>PBXGroup</string>
			<key>path</key>
			<string>SimplicITyTests</string>
			<key>sourceTree</key>
			<string>&lt;group&gt;</string>
		</dict>
		<key>86287D401A2EE1A500B12893</key>
		<dict>
			<key>children</key>
			<array>
				<string>86287D411A2EE1A500B12893</string>
				<string>86287D421A2EE1A500B12893</string>
			</array>
			<key>isa</key>
			<string>PBXGroup</string>
			<key>name</key>
			<string>Supporting Files</string>
			<key>sourceTree</key>
			<string>&lt;group&gt;</string>
		</dict>
		<key>86287D411A2EE1A500B12893</key>
		<dict>
			<key>isa</key>
			<string>PBXFileReference</string>
			<key>lastKnownFileType</key>
			<string>text.plist.xml</string>
			<key>path</key>
			<string>SimplicITyTests-Info.plist</string>
			<key>sourceTree</key>
			<string>&lt;group&gt;</string>
		</dict>
		<key>86287D421A2EE1A500B12893</key>
		<dict>
			<key>children</key>
			<array>
				<string>86287D431A2EE1A500B12893</string>
			</array>
			<key>isa</key>
			<string>PBXVariantGroup</string>
			<key>name</key>
			<string>InfoPlist.strings</string>
			<key>sourceTree</key>
			<string>&lt;group&gt;</string>
		</dict>
		<key>86287D431A2EE1A500B12893</key>
		<dict>
			<key>isa</key>
			<string>PBXFileReference</string>
			<key>lastKnownFileType</key>
			<string>text.plist.strings</string>
			<key>name</key>
			<string>en</string>
			<key>path</key>
			<string>en.lproj/InfoPlist.strings</string>
			<key>sourceTree</key>
			<string>&lt;group&gt;</string>
		</dict>
		<key>86287D441A2EE1A500B12893</key>
		<dict>
			<key>fileRef</key>
			<string>86287D421A2EE1A500B12893</string>
			<key>isa</key>
			<string>PBXBuildFile</string>
		</dict>
		<key>86287D451A2EE1A500B12893</key>
		<dict>
			<key>isa</key>
			<string>PBXFileReference</string>
			<key>lastKnownFileType</key>
			<string>sourcecode.c.objc</string>
			<key>path</key>
			<string>SimplicITyTests.m</string>
			<key>sourceTree</key>
			<string>&lt;group&gt;</string>
		</dict>
		<key>86287D461A2EE1A500B12893</key>
		<dict>
			<key>fileRef</key>
			<string>86287D451A2EE1A500B12893</string>
			<key>isa</key>
			<string>PBXBuildFile</string>
		</dict>
		<key>86287D471A2EE1A500B12893</key>
		<dict>
			<key>buildSettings</key>
			<dict>
				<key>ALWAYS_SEARCH_USER_PATHS</key>
				<string>NO</string>
				<key>CLANG_CXX_LANGUAGE_STANDARD</key>
				<string>gnu++0x</string>
				<key>CLANG_CXX_LIBRARY</key>
				<string>libc++</string>
				<key>CLANG_ENABLE_MODULES</key>
				<string>YES</string>
				<key>CLANG_ENABLE_OBJC_ARC</key>
				<string>YES</string>
				<key>CLANG_WARN_BOOL_CONVERSION</key>
				<string>YES</string>
				<key>CLANG_WARN_CONSTANT_CONVERSION</key>
				<string>YES</string>
				<key>CLANG_WARN_DIRECT_OBJC_ISA_USAGE</key>
				<string>YES_ERROR</string>
				<key>CLANG_WARN_EMPTY_BODY</key>
				<string>YES</string>
				<key>CLANG_WARN_ENUM_CONVERSION</key>
				<string>YES</string>
				<key>CLANG_WARN_INT_CONVERSION</key>
				<string>YES</string>
				<key>CLANG_WARN_OBJC_ROOT_CLASS</key>
				<string>YES_ERROR</string>
				<key>CLANG_WARN__DUPLICATE_METHOD_MATCH</key>
				<string>YES</string>
				<key>CODE_SIGN_IDENTITY[sdk=iphoneos*]</key>
				<string>iPhone Developer</string>
				<key>COPY_PHASE_STRIP</key>
				<string>NO</string>
				<key>GCC_C_LANGUAGE_STANDARD</key>
				<string>gnu99</string>
				<key>GCC_DYNAMIC_NO_PIC</key>
				<string>NO</string>
				<key>GCC_OPTIMIZATION_LEVEL</key>
				<string>0</string>
				<key>GCC_PREPROCESSOR_DEFINITIONS</key>
				<array>
					<string>DEBUG=1</string>
					<string>$(inherited)</string>
				</array>
				<key>GCC_SYMBOLS_PRIVATE_EXTERN</key>
				<string>NO</string>
				<key>GCC_WARN_64_TO_32_BIT_CONVERSION</key>
				<string>YES</string>
				<key>GCC_WARN_ABOUT_RETURN_TYPE</key>
				<string>YES_ERROR</string>
				<key>GCC_WARN_UNDECLARED_SELECTOR</key>
				<string>YES</string>
				<key>GCC_WARN_UNINITIALIZED_AUTOS</key>
				<string>YES_AGGRESSIVE</string>
				<key>GCC_WARN_UNUSED_FUNCTION</key>
				<string>YES</string>
				<key>GCC_WARN_UNUSED_VARIABLE</key>
				<string>YES</string>
				<key>IPHONEOS_DEPLOYMENT_TARGET</key>
				<string>7.1</string>
				<key>ONLY_ACTIVE_ARCH</key>
				<string>YES</string>
				<key>SDKROOT</key>
				<string>iphoneos</string>
				<key>TARGETED_DEVICE_FAMILY</key>
				<string>1,2</string>
			</dict>
			<key>isa</key>
			<string>XCBuildConfiguration</string>
			<key>name</key>
			<string>Debug</string>
		</dict>
		<key>86287D481A2EE1A500B12893</key>
		<dict>
			<key>buildSettings</key>
			<dict>
				<key>ALWAYS_SEARCH_USER_PATHS</key>
				<string>NO</string>
				<key>CLANG_CXX_LANGUAGE_STANDARD</key>
				<string>gnu++0x</string>
				<key>CLANG_CXX_LIBRARY</key>
				<string>libc++</string>
				<key>CLANG_ENABLE_MODULES</key>
				<string>YES</string>
				<key>CLANG_ENABLE_OBJC_ARC</key>
				<string>YES</string>
				<key>CLANG_WARN_BOOL_CONVERSION</key>
				<string>YES</string>
				<key>CLANG_WARN_CONSTANT_CONVERSION</key>
				<string>YES</string>
				<key>CLANG_WARN_DIRECT_OBJC_ISA_USAGE</key>
				<string>YES_ERROR</string>
				<key>CLANG_WARN_EMPTY_BODY</key>
				<string>YES</string>
				<key>CLANG_WARN_ENUM_CONVERSION</key>
				<string>YES</string>
				<key>CLANG_WARN_INT_CONVERSION</key>
				<string>YES</string>
				<key>CLANG_WARN_OBJC_ROOT_CLASS</key>
				<string>YES_ERROR</string>
				<key>CLANG_WARN__DUPLICATE_METHOD_MATCH</key>
				<string>YES</string>
				<key>CODE_SIGN_IDENTITY[sdk=iphoneos*]</key>
				<string>iPhone Developer</string>
				<key>COPY_PHASE_STRIP</key>
				<string>YES</string>
				<key>ENABLE_NS_ASSERTIONS</key>
				<string>NO</string>
				<key>GCC_C_LANGUAGE_STANDARD</key>
				<string>gnu99</string>
				<key>GCC_WARN_64_TO_32_BIT_CONVERSION</key>
				<string>YES</string>
				<key>GCC_WARN_ABOUT_RETURN_TYPE</key>
				<string>YES_ERROR</string>
				<key>GCC_WARN_UNDECLARED_SELECTOR</key>
				<string>YES</string>
				<key>GCC_WARN_UNINITIALIZED_AUTOS</key>
				<string>YES_AGGRESSIVE</string>
				<key>GCC_WARN_UNUSED_FUNCTION</key>
				<string>YES</string>
				<key>GCC_WARN_UNUSED_VARIABLE</key>
				<string>YES</string>
				<key>IPHONEOS_DEPLOYMENT_TARGET</key>
				<string>7.1</string>
				<key>SDKROOT</key>
				<string>iphoneos</string>
				<key>TARGETED_DEVICE_FAMILY</key>
				<string>1,2</string>
				<key>VALIDATE_PRODUCT</key>
				<string>YES</string>
			</dict>
			<key>isa</key>
			<string>XCBuildConfiguration</string>
			<key>name</key>
			<string>Release</string>
		</dict>
		<key>86287D491A2EE1A500B12893</key>
		<dict>
			<key>buildConfigurations</key>
			<array>
				<string>86287D4A1A2EE1A500B12893</string>
				<string>86287D4B1A2EE1A500B12893</string>
			</array>
			<key>defaultConfigurationIsVisible</key>
			<string>0</string>
			<key>defaultConfigurationName</key>
			<string>Release</string>
			<key>isa</key>
			<string>XCConfigurationList</string>
		</dict>
		<key>86287D4A1A2EE1A500B12893</key>
		<dict>
			<key>baseConfigurationReference</key>
			<string>C1F65D2E771F4954B1874794</string>
			<key>buildSettings</key>
			<dict>
				<key>ASSETCATALOG_COMPILER_APPICON_NAME</key>
				<string>AppIcon</string>
				<key>ASSETCATALOG_COMPILER_LAUNCHIMAGE_NAME</key>
				<string>LaunchImage</string>
				<key>CODE_SIGN_IDENTITY</key>
				<string>iPhone Developer: senthilnathan Karuppaiah (7452NP5KW8)</string>
				<key>CODE_SIGN_IDENTITY[sdk=iphoneos*]</key>
				<string>iPhone Developer: senthilnathan Karuppaiah (7452NP5KW8)</string>
				<key>GCC_PRECOMPILE_PREFIX_HEADER</key>
				<string>YES</string>
				<key>GCC_PREFIX_HEADER</key>
				<string>SimplicITy/SimplicITy-Prefix.pch</string>
				<key>INFOPLIST_FILE</key>
				<string>SimplicITy/SimplicITy-Info.plist</string>
				<key>IPHONEOS_DEPLOYMENT_TARGET</key>
				<string>7.0</string>
				<key>PRODUCT_NAME</key>
				<string>$(TARGET_NAME)</string>
				<key>PROVISIONING_PROFILE</key>
				<string></string>
				<key>WRAPPER_EXTENSION</key>
				<string>app</string>
			</dict>
			<key>isa</key>
			<string>XCBuildConfiguration</string>
			<key>name</key>
			<string>Debug</string>
		</dict>
		<key>86287D4B1A2EE1A500B12893</key>
		<dict>
			<key>baseConfigurationReference</key>
			<string>BD0CCE1B46B31FC994F6F1D5</string>
			<key>buildSettings</key>
			<dict>
				<key>ASSETCATALOG_COMPILER_APPICON_NAME</key>
				<string>AppIcon</string>
				<key>ASSETCATALOG_COMPILER_LAUNCHIMAGE_NAME</key>
				<string>LaunchImage</string>
				<key>CODE_SIGN_IDENTITY</key>
				<string>iPhone Developer: senthilnathan Karuppaiah (7452NP5KW8)</string>
				<key>CODE_SIGN_IDENTITY[sdk=iphoneos*]</key>
				<string>iPhone Developer: senthilnathan Karuppaiah (7452NP5KW8)</string>
				<key>GCC_PRECOMPILE_PREFIX_HEADER</key>
				<string>YES</string>
				<key>GCC_PREFIX_HEADER</key>
				<string>SimplicITy/SimplicITy-Prefix.pch</string>
				<key>INFOPLIST_FILE</key>
				<string>SimplicITy/SimplicITy-Info.plist</string>
				<key>IPHONEOS_DEPLOYMENT_TARGET</key>
				<string>7.0</string>
				<key>PRODUCT_NAME</key>
				<string>$(TARGET_NAME)</string>
				<key>PROVISIONING_PROFILE</key>
				<string></string>
				<key>WRAPPER_EXTENSION</key>
				<string>app</string>
			</dict>
			<key>isa</key>
			<string>XCBuildConfiguration</string>
			<key>name</key>
			<string>Release</string>
		</dict>
		<key>86287D4C1A2EE1A500B12893</key>
		<dict>
			<key>buildConfigurations</key>
			<array>
				<string>86287D4D1A2EE1A500B12893</string>
				<string>86287D4E1A2EE1A500B12893</string>
			</array>
			<key>defaultConfigurationIsVisible</key>
			<string>0</string>
			<key>defaultConfigurationName</key>
			<string>Release</string>
			<key>isa</key>
			<string>XCConfigurationList</string>
		</dict>
		<key>86287D4D1A2EE1A500B12893</key>
		<dict>
			<key>buildSettings</key>
			<dict>
				<key>BUNDLE_LOADER</key>
				<string>$(BUILT_PRODUCTS_DIR)/SimplicITy.app/SimplicITy</string>
				<key>FRAMEWORK_SEARCH_PATHS</key>
				<array>
					<string>$(SDKROOT)/Developer/Library/Frameworks</string>
					<string>$(inherited)</string>
					<string>$(DEVELOPER_FRAMEWORKS_DIR)</string>
				</array>
				<key>GCC_PRECOMPILE_PREFIX_HEADER</key>
				<string>YES</string>
				<key>GCC_PREFIX_HEADER</key>
				<string>SimplicITy/SimplicITy-Prefix.pch</string>
				<key>GCC_PREPROCESSOR_DEFINITIONS</key>
				<array>
					<string>DEBUG=1</string>
					<string>$(inherited)</string>
				</array>
				<key>INFOPLIST_FILE</key>
				<string>SimplicITyTests/SimplicITyTests-Info.plist</string>
				<key>PRODUCT_NAME</key>
				<string>$(TARGET_NAME)</string>
				<key>TEST_HOST</key>
				<string>$(BUNDLE_LOADER)</string>
				<key>WRAPPER_EXTENSION</key>
				<string>xctest</string>
			</dict>
			<key>isa</key>
			<string>XCBuildConfiguration</string>
			<key>name</key>
			<string>Debug</string>
		</dict>
		<key>86287D4E1A2EE1A500B12893</key>
		<dict>
			<key>buildSettings</key>
			<dict>
				<key>BUNDLE_LOADER</key>
				<string>$(BUILT_PRODUCTS_DIR)/SimplicITy.app/SimplicITy</string>
				<key>FRAMEWORK_SEARCH_PATHS</key>
				<array>
					<string>$(SDKROOT)/Developer/Library/Frameworks</string>
					<string>$(inherited)</string>
					<string>$(DEVELOPER_FRAMEWORKS_DIR)</string>
				</array>
				<key>GCC_PRECOMPILE_PREFIX_HEADER</key>
				<string>YES</string>
				<key>GCC_PREFIX_HEADER</key>
				<string>SimplicITy/SimplicITy-Prefix.pch</string>
				<key>INFOPLIST_FILE</key>
				<string>SimplicITyTests/SimplicITyTests-Info.plist</string>
				<key>PRODUCT_NAME</key>
				<string>$(TARGET_NAME)</string>
				<key>TEST_HOST</key>
				<string>$(BUNDLE_LOADER)</string>
				<key>WRAPPER_EXTENSION</key>
				<string>xctest</string>
			</dict>
			<key>isa</key>
			<string>XCBuildConfiguration</string>
			<key>name</key>
			<string>Release</string>
		</dict>
		<key>86309CAA1A3EB9B900D19804</key>
		<dict>
			<key>fileEncoding</key>
			<string>4</string>
			<key>isa</key>
			<string>PBXFileReference</string>
			<key>lastKnownFileType</key>
			<string>sourcecode.c.h</string>
			<key>path</key>
			<string>TikcetCategoryViewController.h</string>
			<key>sourceTree</key>
			<string>&lt;group&gt;</string>
		</dict>
		<key>86309CAB1A3EB9B900D19804</key>
		<dict>
			<key>fileEncoding</key>
			<string>4</string>
			<key>isa</key>
			<string>PBXFileReference</string>
			<key>lastKnownFileType</key>
			<string>sourcecode.c.objc</string>
			<key>path</key>
			<string>TikcetCategoryViewController.m</string>
			<key>sourceTree</key>
			<string>&lt;group&gt;</string>
		</dict>
		<key>86309CAC1A3EB9B900D19804</key>
		<dict>
			<key>fileRef</key>
			<string>86309CAB1A3EB9B900D19804</string>
			<key>isa</key>
			<string>PBXBuildFile</string>
		</dict>
		<key>8632070C1A455794006FBD52</key>
		<dict>
			<key>fileEncoding</key>
			<string>4</string>
			<key>isa</key>
			<string>PBXFileReference</string>
			<key>lastKnownFileType</key>
			<string>sourcecode.c.h</string>
			<key>path</key>
			<string>LyncConnectionCheckerViewController.h</string>
			<key>sourceTree</key>
			<string>&lt;group&gt;</string>
		</dict>
		<key>8632070D1A455794006FBD52</key>
		<dict>
			<key>fileEncoding</key>
			<string>4</string>
			<key>isa</key>
			<string>PBXFileReference</string>
			<key>lastKnownFileType</key>
			<string>sourcecode.c.objc</string>
			<key>path</key>
			<string>LyncConnectionCheckerViewController.m</string>
			<key>sourceTree</key>
			<string>&lt;group&gt;</string>
		</dict>
		<key>8632070E1A455794006FBD52</key>
		<dict>
			<key>fileRef</key>
			<string>8632070D1A455794006FBD52</string>
			<key>isa</key>
			<string>PBXBuildFile</string>
		</dict>
		<key>863A16EC1A4185F000146B72</key>
		<dict>
			<key>fileEncoding</key>
			<string>4</string>
			<key>isa</key>
			<string>PBXFileReference</string>
			<key>lastKnownFileType</key>
			<string>sourcecode.c.h</string>
			<key>path</key>
			<string>ThemesViewController.h</string>
			<key>sourceTree</key>
			<string>&lt;group&gt;</string>
		</dict>
		<key>863A16ED1A4185F000146B72</key>
		<dict>
			<key>fileEncoding</key>
			<string>4</string>
			<key>isa</key>
			<string>PBXFileReference</string>
			<key>lastKnownFileType</key>
			<string>sourcecode.c.objc</string>
			<key>path</key>
			<string>ThemesViewController.m</string>
			<key>sourceTree</key>
			<string>&lt;group&gt;</string>
		</dict>
		<key>863A16EE1A4185F000146B72</key>
		<dict>
			<key>fileRef</key>
			<string>863A16ED1A4185F000146B72</string>
			<key>isa</key>
			<string>PBXBuildFile</string>
		</dict>
		<key>86491A711A30773800711740</key>
		<dict>
			<key>fileEncoding</key>
			<string>4</string>
			<key>isa</key>
			<string>PBXFileReference</string>
			<key>lastKnownFileType</key>
			<string>sourcecode.c.h</string>
			<key>path</key>
			<string>TipsCategoryViewController.h</string>
			<key>sourceTree</key>
			<string>&lt;group&gt;</string>
		</dict>
		<key>86491A721A30773800711740</key>
		<dict>
			<key>fileEncoding</key>
			<string>4</string>
			<key>isa</key>
			<string>PBXFileReference</string>
			<key>lastKnownFileType</key>
			<string>sourcecode.c.objc</string>
			<key>path</key>
			<string>TipsCategoryViewController.m</string>
			<key>sourceTree</key>
			<string>&lt;group&gt;</string>
		</dict>
		<key>86491A731A30773800711740</key>
		<dict>
			<key>fileRef</key>
			<string>86491A721A30773800711740</string>
			<key>isa</key>
			<string>PBXBuildFile</string>
		</dict>
		<key>86491A741A30817100711740</key>
		<dict>
			<key>fileEncoding</key>
			<string>4</string>
			<key>isa</key>
			<string>PBXFileReference</string>
			<key>lastKnownFileType</key>
			<string>sourcecode.c.h</string>
			<key>path</key>
			<string>ToolsViewController.h</string>
			<key>sourceTree</key>
			<string>&lt;group&gt;</string>
		</dict>
		<key>86491A751A30817100711740</key>
		<dict>
			<key>fileEncoding</key>
			<string>4</string>
			<key>isa</key>
			<string>PBXFileReference</string>
			<key>lastKnownFileType</key>
			<string>sourcecode.c.objc</string>
			<key>path</key>
			<string>ToolsViewController.m</string>
			<key>sourceTree</key>
			<string>&lt;group&gt;</string>
		</dict>
		<key>86491A761A30817100711740</key>
		<dict>
			<key>fileRef</key>
			<string>86491A751A30817100711740</string>
			<key>isa</key>
			<string>PBXBuildFile</string>
		</dict>
		<key>86491A771A30836C00711740</key>
		<dict>
			<key>fileEncoding</key>
			<string>4</string>
			<key>isa</key>
			<string>PBXFileReference</string>
			<key>lastKnownFileType</key>
			<string>sourcecode.c.h</string>
			<key>path</key>
			<string>WebClipViewController.h</string>
			<key>sourceTree</key>
			<string>&lt;group&gt;</string>
		</dict>
		<key>86491A781A30836C00711740</key>
		<dict>
			<key>fileEncoding</key>
			<string>4</string>
			<key>isa</key>
			<string>PBXFileReference</string>
			<key>lastKnownFileType</key>
			<string>sourcecode.c.objc</string>
			<key>path</key>
			<string>WebClipViewController.m</string>
			<key>sourceTree</key>
			<string>&lt;group&gt;</string>
		</dict>
		<key>86491A791A30836C00711740</key>
		<dict>
			<key>fileRef</key>
			<string>86491A781A30836C00711740</string>
			<key>isa</key>
			<string>PBXBuildFile</string>
		</dict>
		<key>864E5F6A1A43E3BB00C2542A</key>
		<dict>
			<key>isa</key>
			<string>PBXFileReference</string>
			<key>lastKnownFileType</key>
			<string>wrapper.framework</string>
			<key>name</key>
			<string>AVFoundation.framework</string>
			<key>path</key>
			<string>System/Library/Frameworks/AVFoundation.framework</string>
			<key>sourceTree</key>
			<string>SDKROOT</string>
		</dict>
		<key>864E5F6B1A43E3BB00C2542A</key>
		<dict>
			<key>fileRef</key>
			<string>864E5F6A1A43E3BB00C2542A</string>
			<key>isa</key>
			<string>PBXBuildFile</string>
		</dict>
		<key>864E5F6C1A43E3C500C2542A</key>
		<dict>
			<key>isa</key>
			<string>PBXFileReference</string>
			<key>lastKnownFileType</key>
			<string>wrapper.framework</string>
			<key>name</key>
			<string>MediaPlayer.framework</string>
			<key>path</key>
			<string>System/Library/Frameworks/MediaPlayer.framework</string>
			<key>sourceTree</key>
			<string>SDKROOT</string>
		</dict>
		<key>864E5F6D1A43E3C500C2542A</key>
		<dict>
			<key>fileRef</key>
			<string>864E5F6C1A43E3C500C2542A</string>
			<key>isa</key>
			<string>PBXBuildFile</string>
		</dict>
		<key>864E5F6E1A43E74600C2542A</key>
		<dict>
			<key>children</key>
			<array>
				<string>864E5F6F1A43E75300C2542A</string>
				<string>864E5F701A43E75300C2542A</string>
				<string>864E5F711A43E75300C2542A</string>
			</array>
			<key>isa</key>
			<string>PBXGroup</string>
			<key>name</key>
			<string>Videos</string>
			<key>sourceTree</key>
			<string>&lt;group&gt;</string>
		</dict>
		<key>864E5F6F1A43E75300C2542A</key>
		<dict>
			<key>isa</key>
			<string>PBXFileReference</string>
			<key>lastKnownFileType</key>
			<string>file</string>
			<key>path</key>
			<string>AirWatch_Video.mp4</string>
			<key>sourceTree</key>
			<string>&lt;group&gt;</string>
		</dict>
		<key>864E5F701A43E75300C2542A</key>
		<dict>
			<key>isa</key>
			<string>PBXFileReference</string>
			<key>lastKnownFileType</key>
			<string>file</string>
			<key>path</key>
			<string>Lync_Video.mp4</string>
			<key>sourceTree</key>
			<string>&lt;group&gt;</string>
		</dict>
		<key>864E5F711A43E75300C2542A</key>
		<dict>
			<key>isa</key>
			<string>PBXFileReference</string>
			<key>lastKnownFileType</key>
			<string>file</string>
			<key>path</key>
			<string>WebEx_Video.mp4</string>
			<key>sourceTree</key>
			<string>&lt;group&gt;</string>
		</dict>
		<key>864E5F721A43E77700C2542A</key>
		<dict>
			<key>fileRef</key>
			<string>864E5F6F1A43E75300C2542A</string>
			<key>isa</key>
			<string>PBXBuildFile</string>
		</dict>
		<key>864E5F731A43E77700C2542A</key>
		<dict>
			<key>fileRef</key>
			<string>864E5F701A43E75300C2542A</string>
			<key>isa</key>
			<string>PBXBuildFile</string>
		</dict>
		<key>864E5F741A43E77700C2542A</key>
		<dict>
			<key>fileRef</key>
			<string>864E5F711A43E75300C2542A</string>
			<key>isa</key>
			<string>PBXBuildFile</string>
		</dict>
		<key>864E5F781A442DC400C2542A</key>
		<dict>
			<key>fileEncoding</key>
			<string>4</string>
			<key>isa</key>
			<string>PBXFileReference</string>
			<key>lastKnownFileType</key>
			<string>text.plist.strings</string>
			<key>path</key>
			<string>Localizable.strings</string>
			<key>sourceTree</key>
			<string>&lt;group&gt;</string>
		</dict>
		<key>864E5F791A442DC400C2542A</key>
		<dict>
			<key>fileRef</key>
			<string>864E5F781A442DC400C2542A</string>
			<key>isa</key>
			<string>PBXBuildFile</string>
		</dict>
		<key>864E5F7A1A4439F200C2542A</key>
		<dict>
			<key>fileEncoding</key>
			<string>4</string>
			<key>isa</key>
			<string>PBXFileReference</string>
			<key>lastKnownFileType</key>
			<string>sourcecode.c.h</string>
			<key>path</key>
			<string>ADExpirationViewController.h</string>
			<key>sourceTree</key>
			<string>&lt;group&gt;</string>
		</dict>
		<key>864E5F7B1A4439F200C2542A</key>
		<dict>
			<key>fileEncoding</key>
			<string>4</string>
			<key>isa</key>
			<string>PBXFileReference</string>
			<key>lastKnownFileType</key>
			<string>sourcecode.c.objc</string>
			<key>path</key>
			<string>ADExpirationViewController.m</string>
			<key>sourceTree</key>
			<string>&lt;group&gt;</string>
		</dict>
		<key>864E5F7C1A4439F200C2542A</key>
		<dict>
			<key>fileRef</key>
			<string>864E5F7B1A4439F200C2542A</string>
			<key>isa</key>
			<string>PBXBuildFile</string>
		</dict>
		<key>86679EFE1A2EF2CC00612BBA</key>
		<dict>
			<key>fileEncoding</key>
			<string>4</string>
			<key>isa</key>
			<string>PBXFileReference</string>
			<key>lastKnownFileType</key>
			<string>sourcecode.c.h</string>
			<key>path</key>
			<string>MessagesViewController.h</string>
			<key>sourceTree</key>
			<string>&lt;group&gt;</string>
		</dict>
		<key>86679EFF1A2EF2CC00612BBA</key>
		<dict>
			<key>fileEncoding</key>
			<string>4</string>
			<key>isa</key>
			<string>PBXFileReference</string>
			<key>lastKnownFileType</key>
			<string>sourcecode.c.objc</string>
			<key>path</key>
			<string>MessagesViewController.m</string>
			<key>sourceTree</key>
			<string>&lt;group&gt;</string>
		</dict>
		<key>86679F001A2EF2CC00612BBA</key>
		<dict>
			<key>fileRef</key>
			<string>86679EFF1A2EF2CC00612BBA</string>
			<key>isa</key>
			<string>PBXBuildFile</string>
		</dict>
		<key>86679F011A2EFD4300612BBA</key>
		<dict>
			<key>fileEncoding</key>
			<string>4</string>
			<key>isa</key>
			<string>PBXFileReference</string>
			<key>lastKnownFileType</key>
			<string>sourcecode.c.h</string>
			<key>path</key>
			<string>MessageDetailViewController.h</string>
			<key>sourceTree</key>
			<string>&lt;group&gt;</string>
		</dict>
		<key>86679F021A2EFD4400612BBA</key>
		<dict>
			<key>fileEncoding</key>
			<string>4</string>
			<key>isa</key>
			<string>PBXFileReference</string>
			<key>lastKnownFileType</key>
			<string>sourcecode.c.objc</string>
			<key>path</key>
			<string>MessageDetailViewController.m</string>
			<key>sourceTree</key>
			<string>&lt;group&gt;</string>
		</dict>
		<key>86679F031A2EFD4400612BBA</key>
		<dict>
			<key>fileRef</key>
			<string>86679F021A2EFD4400612BBA</string>
			<key>isa</key>
			<string>PBXBuildFile</string>
		</dict>
		<key>867101AB1A386DB600AE2ED6</key>
		<dict>
			<key>fileEncoding</key>
			<string>4</string>
			<key>isa</key>
			<string>PBXFileReference</string>
			<key>lastKnownFileType</key>
			<string>sourcecode.c.h</string>
			<key>path</key>
			<string>TipsSubCategoriesViewController.h</string>
			<key>sourceTree</key>
			<string>&lt;group&gt;</string>
		</dict>
		<key>867101AC1A386DB600AE2ED6</key>
		<dict>
			<key>fileEncoding</key>
			<string>4</string>
			<key>isa</key>
			<string>PBXFileReference</string>
			<key>lastKnownFileType</key>
			<string>sourcecode.c.objc</string>
			<key>path</key>
			<string>TipsSubCategoriesViewController.m</string>
			<key>sourceTree</key>
			<string>&lt;group&gt;</string>
		</dict>
		<key>867101AD1A386DB600AE2ED6</key>
		<dict>
			<key>fileRef</key>
			<string>867101AC1A386DB600AE2ED6</string>
			<key>isa</key>
			<string>PBXBuildFile</string>
		</dict>
		<key>867101AE1A386FD900AE2ED6</key>
		<dict>
			<key>fileEncoding</key>
			<string>4</string>
			<key>isa</key>
			<string>PBXFileReference</string>
			<key>lastKnownFileType</key>
			<string>sourcecode.c.h</string>
			<key>path</key>
			<string>TipModel.h</string>
			<key>sourceTree</key>
			<string>&lt;group&gt;</string>
		</dict>
		<key>867101AF1A386FD900AE2ED6</key>
		<dict>
			<key>fileEncoding</key>
			<string>4</string>
			<key>isa</key>
			<string>PBXFileReference</string>
			<key>lastKnownFileType</key>
			<string>sourcecode.c.objc</string>
			<key>path</key>
			<string>TipModel.m</string>
			<key>sourceTree</key>
			<string>&lt;group&gt;</string>
		</dict>
		<key>867101B01A386FD900AE2ED6</key>
		<dict>
			<key>fileRef</key>
			<string>867101AF1A386FD900AE2ED6</string>
			<key>isa</key>
			<string>PBXBuildFile</string>
		</dict>
		<key>867584101A3815EE0049EC10</key>
		<dict>
			<key>fileEncoding</key>
			<string>4</string>
			<key>isa</key>
			<string>PBXFileReference</string>
			<key>lastKnownFileType</key>
			<string>sourcecode.c.h</string>
			<key>path</key>
			<string>SettingViewController.h</string>
			<key>sourceTree</key>
			<string>&lt;group&gt;</string>
		</dict>
		<key>867584111A3815EE0049EC10</key>
		<dict>
			<key>fileEncoding</key>
			<string>4</string>
			<key>isa</key>
			<string>PBXFileReference</string>
			<key>lastKnownFileType</key>
			<string>sourcecode.c.objc</string>
			<key>path</key>
			<string>SettingViewController.m</string>
			<key>sourceTree</key>
			<string>&lt;group&gt;</string>
		</dict>
		<key>867584121A3815EE0049EC10</key>
		<dict>
			<key>fileRef</key>
			<string>867584111A3815EE0049EC10</string>
			<key>isa</key>
			<string>PBXBuildFile</string>
		</dict>
		<key>8678EE3C1A48596E00F85FF0</key>
		<dict>
			<key>fileRef</key>
			<string>86287D2C1A2EE1A500B12893</string>
			<key>isa</key>
			<string>PBXBuildFile</string>
		</dict>
		<key>867B19B91A40126700462CA4</key>
		<dict>
			<key>fileEncoding</key>
			<string>4</string>
			<key>isa</key>
			<string>PBXFileReference</string>
			<key>lastKnownFileType</key>
			<string>sourcecode.c.h</string>
			<key>path</key>
			<string>TicketDetailViewController.h</string>
			<key>sourceTree</key>
			<string>&lt;group&gt;</string>
		</dict>
		<key>867B19BA1A40126700462CA4</key>
		<dict>
			<key>fileEncoding</key>
			<string>4</string>
			<key>isa</key>
			<string>PBXFileReference</string>
			<key>lastKnownFileType</key>
			<string>sourcecode.c.objc</string>
			<key>path</key>
			<string>TicketDetailViewController.m</string>
			<key>sourceTree</key>
			<string>&lt;group&gt;</string>
		</dict>
		<key>867B19BB1A40126700462CA4</key>
		<dict>
			<key>fileRef</key>
			<string>867B19BA1A40126700462CA4</string>
			<key>isa</key>
			<string>PBXBuildFile</string>
		</dict>
		<key>869F37CE1A4AE49F004F27CC</key>
		<dict>
			<key>fileEncoding</key>
			<string>4</string>
			<key>isa</key>
			<string>PBXFileReference</string>
			<key>lastKnownFileType</key>
			<string>file.storyboard</string>
			<key>path</key>
			<string>Main_iPhone.storyboard</string>
			<key>sourceTree</key>
			<string>&lt;group&gt;</string>
		</dict>
		<key>869F37CF1A4AE49F004F27CC</key>
		<dict>
			<key>fileRef</key>
			<string>869F37CE1A4AE49F004F27CC</string>
			<key>isa</key>
			<string>PBXBuildFile</string>
		</dict>
		<key>86B5A96B1A4D45F9009018AD</key>
		<dict>
			<key>isa</key>
			<string>PBXFileReference</string>
			<key>lastKnownFileType</key>
			<string>file</string>
			<key>path</key>
			<string>MuseoSans-100.otf</string>
			<key>sourceTree</key>
			<string>&lt;group&gt;</string>
		</dict>
		<key>86B5A96C1A4D45F9009018AD</key>
		<dict>
			<key>isa</key>
			<string>PBXFileReference</string>
			<key>lastKnownFileType</key>
			<string>file</string>
			<key>path</key>
			<string>MuseoSans-300.otf</string>
			<key>sourceTree</key>
			<string>&lt;group&gt;</string>
		</dict>
		<key>86B5A96D1A4D45F9009018AD</key>
		<dict>
			<key>isa</key>
			<string>PBXFileReference</string>
			<key>lastKnownFileType</key>
			<string>file</string>
			<key>path</key>
			<string>MuseoSans-700.otf</string>
			<key>sourceTree</key>
			<string>&lt;group&gt;</string>
		</dict>
		<key>86B5A96E1A4D4713009018AD</key>
		<dict>
			<key>fileRef</key>
			<string>86B5A96B1A4D45F9009018AD</string>
			<key>isa</key>
			<string>PBXBuildFile</string>
		</dict>
		<key>86B5A96F1A4D4713009018AD</key>
		<dict>
			<key>fileRef</key>
			<string>86B5A96C1A4D45F9009018AD</string>
			<key>isa</key>
			<string>PBXBuildFile</string>
		</dict>
		<key>86B5A9701A4D4713009018AD</key>
		<dict>
			<key>fileRef</key>
			<string>86B5A96D1A4D45F9009018AD</string>
			<key>isa</key>
			<string>PBXBuildFile</string>
		</dict>
		<key>86B5E8671A30589C0062091D</key>
		<dict>
			<key>fileEncoding</key>
			<string>4</string>
			<key>isa</key>
			<string>PBXFileReference</string>
			<key>lastKnownFileType</key>
			<string>sourcecode.c.h</string>
			<key>path</key>
			<string>RaiseATicketViewController.h</string>
			<key>sourceTree</key>
			<string>&lt;group&gt;</string>
		</dict>
		<key>86B5E8681A30589C0062091D</key>
		<dict>
			<key>fileEncoding</key>
			<string>4</string>
			<key>isa</key>
			<string>PBXFileReference</string>
			<key>lastKnownFileType</key>
			<string>sourcecode.c.objc</string>
			<key>path</key>
			<string>RaiseATicketViewController.m</string>
			<key>sourceTree</key>
			<string>&lt;group&gt;</string>
		</dict>
		<key>86B5E8691A30589C0062091D</key>
		<dict>
			<key>fileRef</key>
			<string>86B5E8681A30589C0062091D</string>
			<key>isa</key>
			<string>PBXBuildFile</string>
		</dict>
		<key>86CB65331A386F58005FFFE8</key>
		<dict>
			<key>fileEncoding</key>
			<string>4</string>
			<key>isa</key>
			<string>PBXFileReference</string>
			<key>lastKnownFileType</key>
			<string>sourcecode.c.h</string>
			<key>path</key>
			<string>messageModle.h</string>
			<key>sourceTree</key>
			<string>&lt;group&gt;</string>
		</dict>
		<key>86CB65341A386F58005FFFE8</key>
		<dict>
			<key>fileEncoding</key>
			<string>4</string>
			<key>isa</key>
			<string>PBXFileReference</string>
			<key>lastKnownFileType</key>
			<string>sourcecode.c.objc</string>
			<key>path</key>
			<string>messageModle.m</string>
			<key>sourceTree</key>
			<string>&lt;group&gt;</string>
		</dict>
		<key>86CB65351A386F58005FFFE8</key>
		<dict>
			<key>fileRef</key>
			<string>86CB65341A386F58005FFFE8</string>
			<key>isa</key>
			<string>PBXBuildFile</string>
		</dict>
		<key>86D604391A3ABB5C00E9E9D7</key>
		<dict>
			<key>children</key>
			<array>
				<string>86DC31FD1A39C9C4002AF7A5</string>
				<string>86DC31FE1A39C9C4002AF7A5</string>
				<string>867B19B91A40126700462CA4</string>
				<string>867B19BA1A40126700462CA4</string>
				<string>86DC31FB1A39C9C4002AF7A5</string>
				<string>86DC31FC1A39C9C4002AF7A5</string>
				<string>86D6043A1A3ABBB900E9E9D7</string>
				<string>86D6043B1A3ABBB900E9E9D7</string>
				<string>86E545861A42A4370027A817</string>
				<string>86E545871A42A4370027A817</string>
				<string>86E545891A42A45E0027A817</string>
			</array>
			<key>isa</key>
			<string>PBXGroup</string>
			<key>name</key>
			<string>Tickets List</string>
			<key>sourceTree</key>
			<string>&lt;group&gt;</string>
		</dict>
		<key>86D6043A1A3ABBB900E9E9D7</key>
		<dict>
			<key>fileEncoding</key>
			<string>4</string>
			<key>isa</key>
			<string>PBXFileReference</string>
			<key>lastKnownFileType</key>
			<string>sourcecode.c.h</string>
			<key>path</key>
			<string>TicketModel.h</string>
			<key>sourceTree</key>
			<string>&lt;group&gt;</string>
		</dict>
		<key>86D6043B1A3ABBB900E9E9D7</key>
		<dict>
			<key>fileEncoding</key>
			<string>4</string>
			<key>isa</key>
			<string>PBXFileReference</string>
			<key>lastKnownFileType</key>
			<string>sourcecode.c.objc</string>
			<key>path</key>
			<string>TicketModel.m</string>
			<key>sourceTree</key>
			<string>&lt;group&gt;</string>
		</dict>
		<key>86D6043C1A3ABBB900E9E9D7</key>
		<dict>
			<key>fileRef</key>
			<string>86D6043B1A3ABBB900E9E9D7</string>
			<key>isa</key>
			<string>PBXBuildFile</string>
		</dict>
		<key>86D6043D1A3B11D600E9E9D7</key>
		<dict>
			<key>fileEncoding</key>
			<string>4</string>
			<key>isa</key>
			<string>PBXFileReference</string>
			<key>lastKnownFileType</key>
			<string>sourcecode.c.h</string>
			<key>path</key>
			<string>PlaceHolderTextView.h</string>
			<key>sourceTree</key>
			<string>&lt;group&gt;</string>
		</dict>
		<key>86D6043E1A3B11D600E9E9D7</key>
		<dict>
			<key>fileEncoding</key>
			<string>4</string>
			<key>isa</key>
			<string>PBXFileReference</string>
			<key>lastKnownFileType</key>
			<string>sourcecode.c.objc</string>
			<key>path</key>
			<string>PlaceHolderTextView.m</string>
			<key>sourceTree</key>
			<string>&lt;group&gt;</string>
		</dict>
		<key>86D6043F1A3B11D600E9E9D7</key>
		<dict>
			<key>fileRef</key>
			<string>86D6043E1A3B11D600E9E9D7</string>
			<key>isa</key>
			<string>PBXBuildFile</string>
		</dict>
		<key>86DC31FB1A39C9C4002AF7A5</key>
		<dict>
			<key>fileEncoding</key>
			<string>4</string>
			<key>isa</key>
			<string>PBXFileReference</string>
			<key>lastKnownFileType</key>
			<string>sourcecode.c.h</string>
			<key>path</key>
			<string>TicketsListCell.h</string>
			<key>sourceTree</key>
			<string>&lt;group&gt;</string>
		</dict>
		<key>86DC31FC1A39C9C4002AF7A5</key>
		<dict>
			<key>fileEncoding</key>
			<string>4</string>
			<key>isa</key>
			<string>PBXFileReference</string>
			<key>lastKnownFileType</key>
			<string>sourcecode.c.objc</string>
			<key>path</key>
			<string>TicketsListCell.m</string>
			<key>sourceTree</key>
			<string>&lt;group&gt;</string>
		</dict>
		<key>86DC31FD1A39C9C4002AF7A5</key>
		<dict>
			<key>fileEncoding</key>
			<string>4</string>
			<key>isa</key>
			<string>PBXFileReference</string>
			<key>lastKnownFileType</key>
			<string>sourcecode.c.h</string>
			<key>path</key>
			<string>TicketsListViewController.h</string>
			<key>sourceTree</key>
			<string>&lt;group&gt;</string>
		</dict>
		<key>86DC31FE1A39C9C4002AF7A5</key>
		<dict>
			<key>fileEncoding</key>
			<string>4</string>
			<key>isa</key>
			<string>PBXFileReference</string>
			<key>lastKnownFileType</key>
			<string>sourcecode.c.objc</string>
			<key>path</key>
			<string>TicketsListViewController.m</string>
			<key>sourceTree</key>
			<string>&lt;group&gt;</string>
		</dict>
		<key>86DC31FF1A39C9C4002AF7A5</key>
		<dict>
			<key>fileRef</key>
			<string>86DC31FC1A39C9C4002AF7A5</string>
			<key>isa</key>
			<string>PBXBuildFile</string>
		</dict>
		<key>86DC32001A39C9C4002AF7A5</key>
		<dict>
			<key>fileRef</key>
			<string>86DC31FE1A39C9C4002AF7A5</string>
			<key>isa</key>
			<string>PBXBuildFile</string>
		</dict>
		<key>86DCEB901A4E8C0F0014FEC7</key>
		<dict>
			<key>fileEncoding</key>
			<string>4</string>
			<key>isa</key>
			<string>PBXFileReference</string>
			<key>lastKnownFileType</key>
			<string>sourcecode.c.h</string>
			<key>path</key>
			<string>SurveyViewController.h</string>
			<key>sourceTree</key>
			<string>&lt;group&gt;</string>
		</dict>
		<key>86DCEB911A4E8C0F0014FEC7</key>
		<dict>
			<key>fileEncoding</key>
			<string>4</string>
			<key>isa</key>
			<string>PBXFileReference</string>
			<key>lastKnownFileType</key>
			<string>sourcecode.c.objc</string>
			<key>path</key>
			<string>SurveyViewController.m</string>
			<key>sourceTree</key>
			<string>&lt;group&gt;</string>
		</dict>
		<key>86DCEB921A4E8C0F0014FEC7</key>
		<dict>
			<key>fileRef</key>
			<string>86DCEB911A4E8C0F0014FEC7</string>
			<key>isa</key>
			<string>PBXBuildFile</string>
		</dict>
		<key>86DEEB301A2EEE5000EA4C84</key>
		<dict>
			<key>isa</key>
			<string>PBXFileReference</string>
			<key>lastKnownFileType</key>
			<string>wrapper.framework</string>
			<key>name</key>
			<string>QuartzCore.framework</string>
			<key>path</key>
			<string>System/Library/Frameworks/QuartzCore.framework</string>
			<key>sourceTree</key>
			<string>SDKROOT</string>
		</dict>
		<key>86DEEB311A2EEE5000EA4C84</key>
		<dict>
			<key>fileRef</key>
			<string>86DEEB301A2EEE5000EA4C84</string>
			<key>isa</key>
			<string>PBXBuildFile</string>
		</dict>
		<key>86DEEB321A2EF27F00EA4C84</key>
		<dict>
			<key>fileEncoding</key>
			<string>4</string>
			<key>isa</key>
			<string>PBXFileReference</string>
			<key>lastKnownFileType</key>
			<string>sourcecode.c.h</string>
			<key>path</key>
			<string>DashBoardViewController.h</string>
			<key>sourceTree</key>
			<string>&lt;group&gt;</string>
		</dict>
		<key>86DEEB331A2EF27F00EA4C84</key>
		<dict>
			<key>fileEncoding</key>
			<string>4</string>
			<key>isa</key>
			<string>PBXFileReference</string>
			<key>lastKnownFileType</key>
			<string>sourcecode.c.objc</string>
			<key>path</key>
			<string>DashBoardViewController.m</string>
			<key>sourceTree</key>
			<string>&lt;group&gt;</string>
		</dict>
		<key>86DEEB341A2EF27F00EA4C84</key>
		<dict>
			<key>fileRef</key>
			<string>86DEEB331A2EF27F00EA4C84</string>
			<key>isa</key>
			<string>PBXBuildFile</string>
		</dict>
		<key>86E545861A42A4370027A817</key>
		<dict>
			<key>fileEncoding</key>
			<string>4</string>
			<key>isa</key>
			<string>PBXFileReference</string>
			<key>lastKnownFileType</key>
			<string>sourcecode.c.h</string>
			<key>path</key>
			<string>SliderView.h</string>
			<key>sourceTree</key>
			<string>&lt;group&gt;</string>
		</dict>
		<key>86E545871A42A4370027A817</key>
		<dict>
			<key>fileEncoding</key>
			<string>4</string>
			<key>isa</key>
			<string>PBXFileReference</string>
			<key>lastKnownFileType</key>
			<string>sourcecode.c.objc</string>
			<key>path</key>
			<string>SliderView.m</string>
			<key>sourceTree</key>
			<string>&lt;group&gt;</string>
		</dict>
		<key>86E545881A42A4370027A817</key>
		<dict>
			<key>fileRef</key>
			<string>86E545871A42A4370027A817</string>
			<key>isa</key>
			<string>PBXBuildFile</string>
		</dict>
		<key>86E545891A42A45E0027A817</key>
		<dict>
			<key>fileEncoding</key>
			<string>4</string>
			<key>isa</key>
			<string>PBXFileReference</string>
			<key>lastKnownFileType</key>
			<string>file.xib</string>
			<key>path</key>
			<string>SliderView.xib</string>
			<key>sourceTree</key>
			<string>&lt;group&gt;</string>
		</dict>
		<key>86E5458A1A42A45E0027A817</key>
		<dict>
			<key>fileRef</key>
			<string>86E545891A42A45E0027A817</string>
			<key>isa</key>
			<string>PBXBuildFile</string>
		</dict>
		<key>86EDBE1A1A395C940045904C</key>
		<dict>
			<key>fileEncoding</key>
			<string>4</string>
			<key>isa</key>
			<string>PBXFileReference</string>
			<key>lastKnownFileType</key>
			<string>sourcecode.c.h</string>
			<key>path</key>
			<string>TipDetailsViewController.h</string>
			<key>sourceTree</key>
			<string>&lt;group&gt;</string>
		</dict>
		<key>86EDBE1B1A395C940045904C</key>
		<dict>
			<key>fileEncoding</key>
			<string>4</string>
			<key>isa</key>
			<string>PBXFileReference</string>
			<key>lastKnownFileType</key>
			<string>sourcecode.c.objc</string>
			<key>path</key>
			<string>TipDetailsViewController.m</string>
			<key>sourceTree</key>
			<string>&lt;group&gt;</string>
		</dict>
		<key>86EDBE1C1A395C940045904C</key>
		<dict>
			<key>fileRef</key>
			<string>86EDBE1B1A395C940045904C</string>
			<key>isa</key>
			<string>PBXBuildFile</string>
		</dict>
		<key>86EDBE1D1A3992270045904C</key>
		<dict>
			<key>fileEncoding</key>
			<string>4</string>
			<key>isa</key>
			<string>PBXFileReference</string>
			<key>lastKnownFileType</key>
			<string>sourcecode.c.h</string>
			<key>path</key>
			<string>CustomColoredViewController.h</string>
			<key>sourceTree</key>
			<string>&lt;group&gt;</string>
		</dict>
		<key>86EDBE1E1A3992270045904C</key>
		<dict>
			<key>fileEncoding</key>
			<string>4</string>
			<key>isa</key>
			<string>PBXFileReference</string>
			<key>lastKnownFileType</key>
			<string>sourcecode.c.objc</string>
			<key>path</key>
			<string>CustomColoredViewController.m</string>
			<key>sourceTree</key>
			<string>&lt;group&gt;</string>
		</dict>
		<key>86EDBE1F1A3992270045904C</key>
		<dict>
			<key>fileRef</key>
			<string>86EDBE1E1A3992270045904C</string>
			<key>isa</key>
			<string>PBXBuildFile</string>
		</dict>
		<key>99D9E9141A454CE50026508F</key>
		<dict>
			<key>isa</key>
			<string>PBXFileReference</string>
			<key>lastKnownFileType</key>
			<string>file</string>
			<key>path</key>
			<string>sketch-me__FREE-version.ttf</string>
			<key>sourceTree</key>
			<string>&lt;group&gt;</string>
		</dict>
		<key>B78249839FEE88515F93DF33</key>
		<dict>
			<key>buildActionMask</key>
			<string>2147483647</string>
			<key>files</key>
			<array/>
			<key>inputPaths</key>
			<array/>
			<key>isa</key>
			<string>PBXShellScriptBuildPhase</string>
			<key>name</key>
			<string>Copy Pods Resources</string>
			<key>outputPaths</key>
			<array/>
			<key>runOnlyForDeploymentPostprocessing</key>
			<string>0</string>
			<key>shellPath</key>
			<string>/bin/sh</string>
			<key>shellScript</key>
			<string>"${SRCROOT}/Pods/Target Support Files/Pods-SimplicITy/Pods-SimplicITy-resources.sh"
</string>
			<key>showEnvVarsInLog</key>
			<string>0</string>
		</dict>
		<key>BD0CCE1B46B31FC994F6F1D5</key>
		<dict>
			<key>includeInIndex</key>
			<string>1</string>
			<key>isa</key>
			<string>PBXFileReference</string>
			<key>lastKnownFileType</key>
			<string>text.xcconfig</string>
			<key>name</key>
			<string>Pods-SimplicITy.release.xcconfig</string>
			<key>path</key>
			<string>Pods/Target Support Files/Pods-SimplicITy/Pods-SimplicITy.release.xcconfig</string>
			<key>sourceTree</key>
			<string>&lt;group&gt;</string>
		</dict>
		<key>C1F65D2E771F4954B1874794</key>
		<dict>
			<key>includeInIndex</key>
			<string>1</string>
			<key>isa</key>
			<string>PBXFileReference</string>
			<key>lastKnownFileType</key>
			<string>text.xcconfig</string>
			<key>name</key>
			<string>Pods-SimplicITy.debug.xcconfig</string>
			<key>path</key>
			<string>Pods/Target Support Files/Pods-SimplicITy/Pods-SimplicITy.debug.xcconfig</string>
			<key>sourceTree</key>
			<string>&lt;group&gt;</string>
		</dict>
		<key>C84DAA47409A329112234ABA</key>
		<dict>
			<key>buildActionMask</key>
			<string>2147483647</string>
			<key>files</key>
			<array/>
			<key>inputPaths</key>
			<array/>
			<key>isa</key>
			<string>PBXShellScriptBuildPhase</string>
			<key>name</key>
			<string>Check Pods Manifest.lock</string>
			<key>outputPaths</key>
			<array/>
			<key>runOnlyForDeploymentPostprocessing</key>
			<string>0</string>
			<key>shellPath</key>
			<string>/bin/sh</string>
			<key>shellScript</key>
			<string>diff "${PODS_ROOT}/../Podfile.lock" "${PODS_ROOT}/Manifest.lock" &gt; /dev/null
if [[ $? != 0 ]] ; then
    cat &lt;&lt; EOM
error: The sandbox is not in sync with the Podfile.lock. Run 'pod install' or update your CocoaPods installation.
EOM
    exit 1
fi
</string>
			<key>showEnvVarsInLog</key>
			<string>0</string>
		</dict>
		<key>DACBC5BAE456ADF14DCA0DD4</key>
		<dict>
			<key>fileRef</key>
			<string>075A1155144476E942168182</string>
			<key>isa</key>
			<string>PBXBuildFile</string>
		</dict>
	</dict>
	<key>rootObject</key>
	<string>86287D0C1A2EE1A500B12893</string>
</dict>
</plist>
